github.com/BurntSushi/toml v1.4.0 h1:kuoIxZQy2WRRk1pttg9asf+WVv6tWQuBNVmK8+nqPr0=
github.com/BurntSushi/toml v1.4.0/go.mod h1:ukJfTF/6rtPPRCnwkur4qwRxa8vTRFBF0uk2luj+hIo=
github.com/golang-jwt/jwt/v5 v5.2.1 h1:OuVbFODueb089Lh128TAcTb68+MzC7/37uj7AohBe6Q=
github.com/golang-jwt/jwt/v5 v5.2.1/go.mod h1:pqrtFR0X4osieyHYxtmOUWsAWrfe1Q5UVIyoH402zdk=
github.com/gorilla/websocket v1.5.3 h1:saDtZ6Pbx/0u+bgYQ3q96pZgCzfhKXGPqt7kZ72aNNg=
github.com/gorilla/websocket v1.5.3/go.mod h1:YR8l580nyteQvAITg2hZ9XVh4b55Sq5uj7Cjz0UD4+g=
github.com/joho/godotenv v1.5.1 h1:7eLL/+HRGLY0lDnBiI0MXd/rgk/K9/vR2J9sLGLCx64=
github.com/joho/godotenv v1.5.1/go.mod h1:f4LDr5Vober0jOwCAZS1g7TtQKXckhghRfMg0+gQ1h0=
